
Microsoft Visual Studio Solution File, Format Version 12.00
# Visual Studio Version 17
VisualStudioVersion = 17.5.33424.131
MinimumVisualStudioVersion = 10.0.40219.1
Project("{9A19103F-16F7-4668-BE54-9A1E7A4F7556}") = "TACOS", "TACOS.csproj", "{E60C0066-B47C-47CA-9199-6E3A339E89DE}"
EndProject
Project("{FAE04EC0-301F-11D3-BF4B-00C04F79EFBC}") = "SistemaDeEmail", "SistemaDeEmail\SistemaDeEmail.csproj", "{839AA179-1E18-46BC-B41F-E00391204EA6}"
EndProject
Project("{9A19103F-16F7-4668-BE54-9A1E7A4F7556}") = "JWTTokens", "JWTTokens\JWTTokens.csproj", "{DAD47AD4-8B47-40AF-ACF9-860B7A396A5A}"
EndProject
Project("{9A19103F-16F7-4668-BE54-9A1E7A4F7556}") = "TACOSGateway", "TACOSGateway\TACOSGateway.csproj", "{23177A44-1820-4C2C-9432-A907D0EFD221}"
EndProject
Project("{9A19103F-16F7-4668-BE54-9A1E7A4F7556}") = "TACOSImagenesAPI", "..\TACOSImagenesAPI\TACOSImagenesAPI.csproj", "{8C19E34F-6751-43D1-99F5-FD948ED750E4}"
EndProject
Project("{9A19103F-16F7-4668-BE54-9A1E7A4F7556}") = "ClienteTACOSWeb", "..\ClienteTACOSWeb\ClienteTACOSWeb.csproj", "{A51E5D60-638E-47E3-8ACC-9D6634D0E599}"
EndProject
Project("{9A19103F-16F7-4668-BE54-9A1E7A4F7556}") = "TACOSMenuAPI", "TACOSMenuAPI\TACOSMenuAPI.csproj", "{1A202183-F5C9-4AB5-866C-40E511B83960}"
EndProject
Global
	GlobalSection(SolutionConfigurationPlatforms) = preSolution
		Debug|Any CPU = Debug|Any CPU
		Release|Any CPU = Release|Any CPU
	EndGlobalSection
	GlobalSection(ProjectConfigurationPlatforms) = postSolution
		{E60C0066-B47C-47CA-9199-6E3A339E89DE}.Debug|Any CPU.ActiveCfg = Debug|Any CPU
		{E60C0066-B47C-47CA-9199-6E3A339E89DE}.Debug|Any CPU.Build.0 = Debug|Any CPU
		{E60C0066-B47C-47CA-9199-6E3A339E89DE}.Release|Any CPU.ActiveCfg = Release|Any CPU
		{E60C0066-B47C-47CA-9199-6E3A339E89DE}.Release|Any CPU.Build.0 = Release|Any CPU
		{839AA179-1E18-46BC-B41F-E00391204EA6}.Debug|Any CPU.ActiveCfg = Debug|Any CPU
		{839AA179-1E18-46BC-B41F-E00391204EA6}.Debug|Any CPU.Build.0 = Debug|Any CPU
		{839AA179-1E18-46BC-B41F-E00391204EA6}.Release|Any CPU.ActiveCfg = Release|Any CPU
		{839AA179-1E18-46BC-B41F-E00391204EA6}.Release|Any CPU.Build.0 = Release|Any CPU
		{DAD47AD4-8B47-40AF-ACF9-860B7A396A5A}.Debug|Any CPU.ActiveCfg = Debug|Any CPU
		{DAD47AD4-8B47-40AF-ACF9-860B7A396A5A}.Debug|Any CPU.Build.0 = Debug|Any CPU
		{DAD47AD4-8B47-40AF-ACF9-860B7A396A5A}.Release|Any CPU.ActiveCfg = Release|Any CPU
		{DAD47AD4-8B47-40AF-ACF9-860B7A396A5A}.Release|Any CPU.Build.0 = Release|Any CPU
		{23177A44-1820-4C2C-9432-A907D0EFD221}.Debug|Any CPU.ActiveCfg = Debug|Any CPU
		{23177A44-1820-4C2C-9432-A907D0EFD221}.Debug|Any CPU.Build.0 = Debug|Any CPU
		{23177A44-1820-4C2C-9432-A907D0EFD221}.Release|Any CPU.ActiveCfg = Release|Any CPU
		{23177A44-1820-4C2C-9432-A907D0EFD221}.Release|Any CPU.Build.0 = Release|Any CPU
		{8C19E34F-6751-43D1-99F5-FD948ED750E4}.Debug|Any CPU.ActiveCfg = Debug|Any CPU
		{8C19E34F-6751-43D1-99F5-FD948ED750E4}.Debug|Any CPU.Build.0 = Debug|Any CPU
		{8C19E34F-6751-43D1-99F5-FD948ED750E4}.Release|Any CPU.ActiveCfg = Release|Any CPU
		{8C19E34F-6751-43D1-99F5-FD948ED750E4}.Release|Any CPU.Build.0 = Release|Any CPU
		{A51E5D60-638E-47E3-8ACC-9D6634D0E599}.Debug|Any CPU.ActiveCfg = Debug|Any CPU
		{A51E5D60-638E-47E3-8ACC-9D6634D0E599}.Debug|Any CPU.Build.0 = Debug|Any CPU
		{A51E5D60-638E-47E3-8ACC-9D6634D0E599}.Release|Any CPU.ActiveCfg = Release|Any CPU
		{A51E5D60-638E-47E3-8ACC-9D6634D0E599}.Release|Any CPU.Build.0 = Release|Any CPU
		{1A202183-F5C9-4AB5-866C-40E511B83960}.Debug|Any CPU.ActiveCfg = Debug|Any CPU
		{1A202183-F5C9-4AB5-866C-40E511B83960}.Debug|Any CPU.Build.0 = Debug|Any CPU
		{1A202183-F5C9-4AB5-866C-40E511B83960}.Release|Any CPU.ActiveCfg = Release|Any CPU
		{1A202183-F5C9-4AB5-866C-40E511B83960}.Release|Any CPU.Build.0 = Release|Any CPU
	EndGlobalSection
	GlobalSection(SolutionProperties) = preSolution
		HideSolutionNode = FALSE
	EndGlobalSection
	GlobalSection(ExtensibilityGlobals) = postSolution
		SolutionGuid = {4974B5E3-0A31-4342-AE96-8ECAB0BEE530}
	EndGlobalSection
EndGlobal
